// !$*UTF8*$!
{
	archiveVersion = 1;
	classes = {
	};
	objectVersion = 56;
	objects = {

/* Begin PBXBuildFile section */
		A957C3C629D1D40F00C7ABAD /* FirebaseAuth in Frameworks */ = {isa = PBXBuildFile; productRef = A957C3C529D1D40F00C7ABAD /* FirebaseAuth */; };
		A957C3CA29D1D60A00C7ABAD /* GoogleService-Info.plist in Resources */ = {isa = PBXBuildFile; fileRef = A957C3C929D1D60A00C7ABAD /* GoogleService-Info.plist */; };
		A957C3CC29D1DFDA00C7ABAD /* ProfileView.swift in Sources */ = {isa = PBXBuildFile; fileRef = A957C3CB29D1DFDA00C7ABAD /* ProfileView.swift */; };
		A957C3CE29D1E24400C7ABAD /* SignupView.swift in Sources */ = {isa = PBXBuildFile; fileRef = A957C3CD29D1E24400C7ABAD /* SignupView.swift */; };
		A95AD1B429D19C340031D69D /* SwiftUI_AdvancedApp.swift in Sources */ = {isa = PBXBuildFile; fileRef = A95AD1B329D19C340031D69D /* SwiftUI_AdvancedApp.swift */; };
		A95AD1B829D19C350031D69D /* Assets.xcassets in Resources */ = {isa = PBXBuildFile; fileRef = A95AD1B729D19C350031D69D /* Assets.xcassets */; };
		A95AD1BB29D19C350031D69D /* Preview Assets.xcassets in Resources */ = {isa = PBXBuildFile; fileRef = A95AD1BA29D19C350031D69D /* Preview Assets.xcassets */; };
		A95AD1BD29D19C350031D69D /* Persistence.swift in Sources */ = {isa = PBXBuildFile; fileRef = A95AD1BC29D19C350031D69D /* Persistence.swift */; };
		A95AD1C029D19C350031D69D /* SwiftUI_Advanced.xcdatamodeld in Sources */ = {isa = PBXBuildFile; fileRef = A95AD1BE29D19C350031D69D /* SwiftUI_Advanced.xcdatamodeld */; };
		A95AD1C829D19F370031D69D /* ImagePicker.swift in Sources */ = {isa = PBXBuildFile; fileRef = A95AD1C729D19F370031D69D /* ImagePicker.swift */; };
		A95AD1CB29D19F5B0031D69D /* VisualEffectBlur.swift in Sources */ = {isa = PBXBuildFile; fileRef = A95AD1CA29D19F5B0031D69D /* VisualEffectBlur.swift */; };
		A95AD1CE29D1BBBC0031D69D /* GradientText.swift in Sources */ = {isa = PBXBuildFile; fileRef = A95AD1CD29D1BBBC0031D69D /* GradientText.swift */; };
		A95AD1D029D1BC160031D69D /* GradientButton.swift in Sources */ = {isa = PBXBuildFile; fileRef = A95AD1CF29D1BC160031D69D /* GradientButton.swift */; };
		A95AD1D229D1BC380031D69D /* TextfieldIcon.swift in Sources */ = {isa = PBXBuildFile; fileRef = A95AD1D129D1BC380031D69D /* TextfieldIcon.swift */; };
		A99686FD29D33C5800423D6A /* RevenueCat in Frameworks */ = {isa = PBXBuildFile; productRef = A99686FC29D33C5800423D6A /* RevenueCat */; };
		A9CB90AD29D1EF33008B427D /* SignInWithAppleButton.swift in Sources */ = {isa = PBXBuildFile; fileRef = A9CB90AC29D1EF33008B427D /* SignInWithAppleButton.swift */; };
		A9CB90B029D1F116008B427D /* SignInWithAppleObject.swift in Sources */ = {isa = PBXBuildFile; fileRef = A9CB90AF29D1F116008B427D /* SignInWithAppleObject.swift */; };
		A9DCA6EE29D47DED00895B68 /* StoreKit.framework in Frameworks */ = {isa = PBXBuildFile; fileRef = A9DCA6ED29D47DED00895B68 /* StoreKit.framework */; };
/* End PBXBuildFile section */

/* Begin PBXFileReference section */
		A957C3C929D1D60A00C7ABAD /* GoogleService-Info.plist */ = {isa = PBXFileReference; fileEncoding = 4; lastKnownFileType = text.plist.xml; path = "GoogleService-Info.plist"; sourceTree = "<group>"; };
		A957C3CB29D1DFDA00C7ABAD /* ProfileView.swift */ = {isa = PBXFileReference; lastKnownFileType = sourcecode.swift; path = ProfileView.swift; sourceTree = "<group>"; };
		A957C3CD29D1E24400C7ABAD /* SignupView.swift */ = {isa = PBXFileReference; fileEncoding = 4; lastKnownFileType = sourcecode.swift; path = SignupView.swift; sourceTree = "<group>"; };
		A95AD1B029D19C340031D69D /* SwiftUI Advanced.app */ = {isa = PBXFileReference; explicitFileType = wrapper.application; includeInIndex = 0; path = "SwiftUI Advanced.app"; sourceTree = BUILT_PRODUCTS_DIR; };
		A95AD1B329D19C340031D69D /* SwiftUI_AdvancedApp.swift */ = {isa = PBXFileReference; lastKnownFileType = sourcecode.swift; path = SwiftUI_AdvancedApp.swift; sourceTree = "<group>"; };
		A95AD1B729D19C350031D69D /* Assets.xcassets */ = {isa = PBXFileReference; lastKnownFileType = folder.assetcatalog; path = Assets.xcassets; sourceTree = "<group>"; };
		A95AD1BA29D19C350031D69D /* Preview Assets.xcassets */ = {isa = PBXFileReference; lastKnownFileType = folder.assetcatalog; path = "Preview Assets.xcassets"; sourceTree = "<group>"; };
		A95AD1BC29D19C350031D69D /* Persistence.swift */ = {isa = PBXFileReference; lastKnownFileType = sourcecode.swift; path = Persistence.swift; sourceTree = "<group>"; };
		A95AD1BF29D19C350031D69D /* SwiftUI_Advanced.xcdatamodel */ = {isa = PBXFileReference; lastKnownFileType = wrapper.xcdatamodel; path = SwiftUI_Advanced.xcdatamodel; sourceTree = "<group>"; };
		A95AD1C729D19F370031D69D /* ImagePicker.swift */ = {isa = PBXFileReference; fileEncoding = 4; lastKnownFileType = sourcecode.swift; path = ImagePicker.swift; sourceTree = "<group>"; };
		A95AD1CA29D19F5B0031D69D /* VisualEffectBlur.swift */ = {isa = PBXFileReference; fileEncoding = 4; lastKnownFileType = sourcecode.swift; path = VisualEffectBlur.swift; sourceTree = "<group>"; };
		A95AD1CD29D1BBBC0031D69D /* GradientText.swift */ = {isa = PBXFileReference; lastKnownFileType = sourcecode.swift; path = GradientText.swift; sourceTree = "<group>"; };
		A95AD1CF29D1BC160031D69D /* GradientButton.swift */ = {isa = PBXFileReference; lastKnownFileType = sourcecode.swift; path = GradientButton.swift; sourceTree = "<group>"; };
		A95AD1D129D1BC380031D69D /* TextfieldIcon.swift */ = {isa = PBXFileReference; lastKnownFileType = sourcecode.swift; path = TextfieldIcon.swift; sourceTree = "<group>"; };
		A9CB90AC29D1EF33008B427D /* SignInWithAppleButton.swift */ = {isa = PBXFileReference; lastKnownFileType = sourcecode.swift; path = SignInWithAppleButton.swift; sourceTree = "<group>"; };
		A9CB90AE29D1F0D7008B427D /* SwiftUI Advanced.entitlements */ = {isa = PBXFileReference; lastKnownFileType = text.plist.entitlements; path = "SwiftUI Advanced.entitlements"; sourceTree = "<group>"; };
		A9CB90AF29D1F116008B427D /* SignInWithAppleObject.swift */ = {isa = PBXFileReference; lastKnownFileType = sourcecode.swift; path = SignInWithAppleObject.swift; sourceTree = "<group>"; };
		A9DCA6ED29D47DED00895B68 /* StoreKit.framework */ = {isa = PBXFileReference; lastKnownFileType = wrapper.framework; name = StoreKit.framework; path = System/Library/Frameworks/StoreKit.framework; sourceTree = SDKROOT; };
/* End PBXFileReference section */

/* Begin PBXFrameworksBuildPhase section */
		A95AD1AD29D19C340031D69D /* Frameworks */ = {
			isa = PBXFrameworksBuildPhase;
			buildActionMask = 2147483647;
			files = (
				A9DCA6EE29D47DED00895B68 /* StoreKit.framework in Frameworks */,
				A99686FD29D33C5800423D6A /* RevenueCat in Frameworks */,
				A957C3C629D1D40F00C7ABAD /* FirebaseAuth in Frameworks */,
			);
			runOnlyForDeploymentPostprocessing = 0;
		};
/* End PBXFrameworksBuildPhase section */

/* Begin PBXGroup section */
		A95AD1A729D19C340031D69D = {
			isa = PBXGroup;
			children = (
				A95AD1B229D19C340031D69D /* SwiftUI Advanced */,
				A95AD1B129D19C340031D69D /* Products */,
				A9DCA6EC29D47DED00895B68 /* Frameworks */,
			);
			sourceTree = "<group>";
		};
		A95AD1B129D19C340031D69D /* Products */ = {
			isa = PBXGroup;
			children = (
				A95AD1B029D19C340031D69D /* SwiftUI Advanced.app */,
			);
			name = Products;
			sourceTree = "<group>";
		};
		A95AD1B229D19C340031D69D /* SwiftUI Advanced */ = {
			isa = PBXGroup;
			children = (
				A9CB90AE29D1F0D7008B427D /* SwiftUI Advanced.entitlements */,
				A95AD1C929D19F4C0031D69D /* Helpers */,
				A95AD1B329D19C340031D69D /* SwiftUI_AdvancedApp.swift */,
				A957C3CD29D1E24400C7ABAD /* SignupView.swift */,
				A957C3CB29D1DFDA00C7ABAD /* ProfileView.swift */,
				A95AD1CC29D1BBA50031D69D /* Views */,
				A95AD1B729D19C350031D69D /* Assets.xcassets */,
				A95AD1BC29D19C350031D69D /* Persistence.swift */,
				A95AD1BE29D19C350031D69D /* SwiftUI_Advanced.xcdatamodeld */,
				A95AD1B929D19C350031D69D /* Preview Content */,
			);
			path = "SwiftUI Advanced";
			sourceTree = "<group>";
		};
		A95AD1B929D19C350031D69D /* Preview Content */ = {
			isa = PBXGroup;
			children = (
				A95AD1BA29D19C350031D69D /* Preview Assets.xcassets */,
			);
			path = "Preview Content";
			sourceTree = "<group>";
		};
		A95AD1C929D19F4C0031D69D /* Helpers */ = {
			isa = PBXGroup;
			children = (
				A95AD1C729D19F370031D69D /* ImagePicker.swift */,
				A95AD1CA29D19F5B0031D69D /* VisualEffectBlur.swift */,
				A9CB90AF29D1F116008B427D /* SignInWithAppleObject.swift */,
			);
			path = Helpers;
			sourceTree = "<group>";
		};
		A95AD1CC29D1BBA50031D69D /* Views */ = {
			isa = PBXGroup;
			children = (
				A95AD1CD29D1BBBC0031D69D /* GradientText.swift */,
				A95AD1D129D1BC380031D69D /* TextfieldIcon.swift */,
				A95AD1CF29D1BC160031D69D /* GradientButton.swift */,
				A9CB90AC29D1EF33008B427D /* SignInWithAppleButton.swift */,
				A957C3C929D1D60A00C7ABAD /* GoogleService-Info.plist */,
			);
			path = Views;
			sourceTree = "<group>";
		};
		A9DCA6EC29D47DED00895B68 /* Frameworks */ = {
			isa = PBXGroup;
			children = (
				A9DCA6ED29D47DED00895B68 /* StoreKit.framework */,
			);
			name = Frameworks;
			sourceTree = "<group>";
		};
/* End PBXGroup section */

/* Begin PBXNativeTarget section */
		A95AD1AF29D19C340031D69D /* SwiftUI Advanced */ = {
			isa = PBXNativeTarget;
			buildConfigurationList = A95AD1C429D19C350031D69D /* Build configuration list for PBXNativeTarget "SwiftUI Advanced" */;
			buildPhases = (
				A95AD1AC29D19C340031D69D /* Sources */,
				A95AD1AD29D19C340031D69D /* Frameworks */,
				A95AD1AE29D19C340031D69D /* Resources */,
			);
			buildRules = (
			);
			dependencies = (
			);
			name = "SwiftUI Advanced";
			packageProductDependencies = (
				A957C3C529D1D40F00C7ABAD /* FirebaseAuth */,
				A99686FC29D33C5800423D6A /* RevenueCat */,
			);
			productName = "SwiftUI Advanced";
			productReference = A95AD1B029D19C340031D69D /* SwiftUI Advanced.app */;
			productType = "com.apple.product-type.application";
		};
/* End PBXNativeTarget section */

/* Begin PBXProject section */
		A95AD1A829D19C340031D69D /* Project object */ = {
			isa = PBXProject;
			attributes = {
				BuildIndependentTargetsInParallel = 1;
				LastSwiftUpdateCheck = 1420;
				LastUpgradeCheck = 1420;
				TargetAttributes = {
					A95AD1AF29D19C340031D69D = {
						CreatedOnToolsVersion = 14.2;
					};
				};
			};
			buildConfigurationList = A95AD1AB29D19C340031D69D /* Build configuration list for PBXProject "SwiftUI Advanced" */;
			compatibilityVersion = "Xcode 14.0";
			developmentRegion = en;
			hasScannedForEncodings = 0;
			knownRegions = (
				en,
				Base,
			);
			mainGroup = A95AD1A729D19C340031D69D;
			packageReferences = (
				A957C3C429D1D40E00C7ABAD /* XCRemoteSwiftPackageReference "firebase-ios-sdk" */,
				A99686FB29D33C5800423D6A /* XCRemoteSwiftPackageReference "purchases-ios" */,
			);
			productRefGroup = A95AD1B129D19C340031D69D /* Products */;
			projectDirPath = "";
			projectRoot = "";
			targets = (
				A95AD1AF29D19C340031D69D /* SwiftUI Advanced */,
			);
		};
/* End PBXProject section */

/* Begin PBXResourcesBuildPhase section */
		A95AD1AE29D19C340031D69D /* Resources */ = {
			isa = PBXResourcesBuildPhase;
			buildActionMask = 2147483647;
			files = (
				A95AD1BB29D19C350031D69D /* Preview Assets.xcassets in Resources */,
				A95AD1B829D19C350031D69D /* Assets.xcassets in Resources */,
				A957C3CA29D1D60A00C7ABAD /* GoogleService-Info.plist in Resources */,
			);
			runOnlyForDeploymentPostprocessing = 0;
		};
/* End PBXResourcesBuildPhase section */

/* Begin PBXSourcesBuildPhase section */
		A95AD1AC29D19C340031D69D /* Sources */ = {
			isa = PBXSourcesBuildPhase;
			buildActionMask = 2147483647;
			files = (
				A95AD1BD29D19C350031D69D /* Persistence.swift in Sources */,
				A95AD1D029D1BC160031D69D /* GradientButton.swift in Sources */,
				A957C3CC29D1DFDA00C7ABAD /* ProfileView.swift in Sources */,
				A9CB90B029D1F116008B427D /* SignInWithAppleObject.swift in Sources */,
				A95AD1CE29D1BBBC0031D69D /* GradientText.swift in Sources */,
				A95AD1D229D1BC380031D69D /* TextfieldIcon.swift in Sources */,
				A95AD1C029D19C350031D69D /* SwiftUI_Advanced.xcdatamodeld in Sources */,
				A95AD1C829D19F370031D69D /* ImagePicker.swift in Sources */,
				A95AD1CB29D19F5B0031D69D /* VisualEffectBlur.swift in Sources */,
				A9CB90AD29D1EF33008B427D /* SignInWithAppleButton.swift in Sources */,
				A957C3CE29D1E24400C7ABAD /* SignupView.swift in Sources */,
				A95AD1B429D19C340031D69D /* SwiftUI_AdvancedApp.swift in Sources */,
			);
			runOnlyForDeploymentPostprocessing = 0;
		};
/* End PBXSourcesBuildPhase section */

/* Begin XCBuildConfiguration section */
		A95AD1C229D19C350031D69D /* Debug */ = {
			isa = XCBuildConfiguration;
			buildSettings = {
				ALWAYS_SEARCH_USER_PATHS = NO;
				CLANG_ANALYZER_NONNULL = YES;
				CLANG_ANALYZER_NUMBER_OBJECT_CONVERSION = YES_AGGRESSIVE;
				CLANG_CXX_LANGUAGE_STANDARD = "gnu++20";
				CLANG_ENABLE_MODULES = YES;
				CLANG_ENABLE_OBJC_ARC = YES;
				CLANG_ENABLE_OBJC_WEAK = YES;
				CLANG_WARN_BLOCK_CAPTURE_AUTORELEASING = YES;
				CLANG_WARN_BOOL_CONVERSION = YES;
				CLANG_WARN_COMMA = YES;
				CLANG_WARN_CONSTANT_CONVERSION = YES;
				CLANG_WARN_DEPRECATED_OBJC_IMPLEMENTATIONS = YES;
				CLANG_WARN_DIRECT_OBJC_ISA_USAGE = YES_ERROR;
				CLANG_WARN_DOCUMENTATION_COMMENTS = YES;
				CLANG_WARN_EMPTY_BODY = YES;
				CLANG_WARN_ENUM_CONVERSION = YES;
				CLANG_WARN_INFINITE_RECURSION = YES;
				CLANG_WARN_INT_CONVERSION = YES;
				CLANG_WARN_NON_LITERAL_NULL_CONVERSION = YES;
				CLANG_WARN_OBJC_IMPLICIT_RETAIN_SELF = YES;
				CLANG_WARN_OBJC_LITERAL_CONVERSION = YES;
				CLANG_WARN_OBJC_ROOT_CLASS = YES_ERROR;
				CLANG_WARN_QUOTED_INCLUDE_IN_FRAMEWORK_HEADER = YES;
				CLANG_WARN_RANGE_LOOP_ANALYSIS = YES;
				CLANG_WARN_STRICT_PROTOTYPES = YES;
				CLANG_WARN_SUSPICIOUS_MOVE = YES;
				CLANG_WARN_UNGUARDED_AVAILABILITY = YES_AGGRESSIVE;
				CLANG_WARN_UNREACHABLE_CODE = YES;
				CLANG_WARN__DUPLICATE_METHOD_MATCH = YES;
				COPY_PHASE_STRIP = NO;
				DEBUG_INFORMATION_FORMAT = dwarf;
				ENABLE_STRICT_OBJC_MSGSEND = YES;
				ENABLE_TESTABILITY = YES;
				GCC_C_LANGUAGE_STANDARD = gnu11;
				GCC_DYNAMIC_NO_PIC = NO;
				GCC_NO_COMMON_BLOCKS = YES;
				GCC_OPTIMIZATION_LEVEL = 0;
				GCC_PREPROCESSOR_DEFINITIONS = (
					"DEBUG=1",
					"$(inherited)",
				);
				GCC_WARN_64_TO_32_BIT_CONVERSION = YES;
				GCC_WARN_ABOUT_RETURN_TYPE = YES_ERROR;
				GCC_WARN_UNDECLARED_SELECTOR = YES;
				GCC_WARN_UNINITIALIZED_AUTOS = YES_AGGRESSIVE;
				GCC_WARN_UNUSED_FUNCTION = YES;
				GCC_WARN_UNUSED_VARIABLE = YES;
				IPHONEOS_DEPLOYMENT_TARGET = 16.2;
				MTL_ENABLE_DEBUG_INFO = INCLUDE_SOURCE;
				MTL_FAST_MATH = YES;
				ONLY_ACTIVE_ARCH = YES;
				SDKROOT = iphoneos;
				SWIFT_ACTIVE_COMPILATION_CONDITIONS = DEBUG;
				SWIFT_OPTIMIZATION_LEVEL = "-Onone";
			};
			name = Debug;
		};
		A95AD1C329D19C350031D69D /* Release */ = {
			isa = XCBuildConfiguration;
			buildSettings = {
				ALWAYS_SEARCH_USER_PATHS = NO;
				CLANG_ANALYZER_NONNULL = YES;
				CLANG_ANALYZER_NUMBER_OBJECT_CONVERSION = YES_AGGRESSIVE;
				CLANG_CXX_LANGUAGE_STANDARD = "gnu++20";
				CLANG_ENABLE_MODULES = YES;
				CLANG_ENABLE_OBJC_ARC = YES;
				CLANG_ENABLE_OBJC_WEAK = YES;
				CLANG_WARN_BLOCK_CAPTURE_AUTORELEASING = YES;
				CLANG_WARN_BOOL_CONVERSION = YES;
				CLANG_WARN_COMMA = YES;
				CLANG_WARN_CONSTANT_CONVERSION = YES;
				CLANG_WARN_DEPRECATED_OBJC_IMPLEMENTATIONS = YES;
				CLANG_WARN_DIRECT_OBJC_ISA_USAGE = YES_ERROR;
				CLANG_WARN_DOCUMENTATION_COMMENTS = YES;
				CLANG_WARN_EMPTY_BODY = YES;
				CLANG_WARN_ENUM_CONVERSION = YES;
				CLANG_WARN_INFINITE_RECURSION = YES;
				CLANG_WARN_INT_CONVERSION = YES;
				CLANG_WARN_NON_LITERAL_NULL_CONVERSION = YES;
				CLANG_WARN_OBJC_IMPLICIT_RETAIN_SELF = YES;
				CLANG_WARN_OBJC_LITERAL_CONVERSION = YES;
				CLANG_WARN_OBJC_ROOT_CLASS = YES_ERROR;
				CLANG_WARN_QUOTED_INCLUDE_IN_FRAMEWORK_HEADER = YES;
				CLANG_WARN_RANGE_LOOP_ANALYSIS = YES;
				CLANG_WARN_STRICT_PROTOTYPES = YES;
				CLANG_WARN_SUSPICIOUS_MOVE = YES;
				CLANG_WARN_UNGUARDED_AVAILABILITY = YES_AGGRESSIVE;
				CLANG_WARN_UNREACHABLE_CODE = YES;
				CLANG_WARN__DUPLICATE_METHOD_MATCH = YES;
				COPY_PHASE_STRIP = NO;
				DEBUG_INFORMATION_FORMAT = "dwarf-with-dsym";
				ENABLE_NS_ASSERTIONS = NO;
				ENABLE_STRICT_OBJC_MSGSEND = YES;
				GCC_C_LANGUAGE_STANDARD = gnu11;
				GCC_NO_COMMON_BLOCKS = YES;
				GCC_WARN_64_TO_32_BIT_CONVERSION = YES;
				GCC_WARN_ABOUT_RETURN_TYPE = YES_ERROR;
				GCC_WARN_UNDECLARED_SELECTOR = YES;
				GCC_WARN_UNINITIALIZED_AUTOS = YES_AGGRESSIVE;
				GCC_WARN_UNUSED_FUNCTION = YES;
				GCC_WARN_UNUSED_VARIABLE = YES;
				IPHONEOS_DEPLOYMENT_TARGET = 16.2;
				MTL_ENABLE_DEBUG_INFO = NO;
				MTL_FAST_MATH = YES;
				SDKROOT = iphoneos;
				SWIFT_COMPILATION_MODE = wholemodule;
				SWIFT_OPTIMIZATION_LEVEL = "-O";
				VALIDATE_PRODUCT = YES;
			};
			name = Release;
		};
		A95AD1C529D19C350031D69D /* Debug */ = {
			isa = XCBuildConfiguration;
			buildSettings = {
				ASSETCATALOG_COMPILER_APPICON_NAME = AppIcon;
				ASSETCATALOG_COMPILER_GLOBAL_ACCENT_COLOR_NAME = AccentColor;
				CODE_SIGN_ENTITLEMENTS = "SwiftUI Advanced/SwiftUI Advanced.entitlements";
				CODE_SIGN_IDENTITY = "Apple Development";
				CODE_SIGN_STYLE = Automatic;
				CURRENT_PROJECT_VERSION = 1;
				DEVELOPMENT_ASSET_PATHS = "\"SwiftUI Advanced/Preview Content\"";
				DEVELOPMENT_TEAM = BUR8WU2V7M;
				ENABLE_PREVIEWS = YES;
				GENERATE_INFOPLIST_FILE = YES;
				INFOPLIST_KEY_CFBundleDisplayName = "Damien Gautier";
				INFOPLIST_KEY_UIApplicationSceneManifest_Generation = YES;
				INFOPLIST_KEY_UIApplicationSupportsIndirectInputEvents = YES;
				INFOPLIST_KEY_UILaunchScreen_Generation = YES;
				INFOPLIST_KEY_UISupportedInterfaceOrientations_iPad = "UIInterfaceOrientationPortrait UIInterfaceOrientationPortraitUpsideDown UIInterfaceOrientationLandscapeLeft UIInterfaceOrientationLandscapeRight";
				INFOPLIST_KEY_UISupportedInterfaceOrientations_iPhone = "UIInterfaceOrientationPortrait UIInterfaceOrientationLandscapeLeft UIInterfaceOrientationLandscapeRight";
				LD_RUNPATH_SEARCH_PATHS = (
					"$(inherited)",
					"@executable_path/Frameworks",
				);
				MARKETING_VERSION = 1.0;
				PRODUCT_BUNDLE_IDENTIFIER = "co.damiengautier.SwiftUI-Advanced";
				PRODUCT_NAME = "$(TARGET_NAME)";
				PROVISIONING_PROFILE_SPECIFIER = "";
				SWIFT_EMIT_LOC_STRINGS = YES;
				SWIFT_VERSION = 5.0;
				TARGETED_DEVICE_FAMILY = "1,2";
			};
			name = Debug;
		};
		A95AD1C629D19C350031D69D /* Release */ = {
			isa = XCBuildConfiguration;
			buildSettings = {
				ASSETCATALOG_COMPILER_APPICON_NAME = AppIcon;
				ASSETCATALOG_COMPILER_GLOBAL_ACCENT_COLOR_NAME = AccentColor;
				CODE_SIGN_ENTITLEMENTS = "SwiftUI Advanced/SwiftUI Advanced.entitlements";
				CODE_SIGN_IDENTITY = "Apple Development";
				CODE_SIGN_STYLE = Automatic;
				CURRENT_PROJECT_VERSION = 1;
				DEVELOPMENT_ASSET_PATHS = "\"SwiftUI Advanced/Preview Content\"";
				DEVELOPMENT_TEAM = BUR8WU2V7M;
				ENABLE_PREVIEWS = YES;
				GENERATE_INFOPLIST_FILE = YES;
				INFOPLIST_KEY_CFBundleDisplayName = "Damien Gautier";
				INFOPLIST_KEY_UIApplicationSceneManifest_Generation = YES;
				INFOPLIST_KEY_UIApplicationSupportsIndirectInputEvents = YES;
				INFOPLIST_KEY_UILaunchScreen_Generation = YES;
				INFOPLIST_KEY_UISupportedInterfaceOrientations_iPad = "UIInterfaceOrientationPortrait UIInterfaceOrientationPortraitUpsideDown UIInterfaceOrientationLandscapeLeft UIInterfaceOrientationLandscapeRight";
				INFOPLIST_KEY_UISupportedInterfaceOrientations_iPhone = "UIInterfaceOrientationPortrait UIInterfaceOrientationLandscapeLeft UIInterfaceOrientationLandscapeRight";
				LD_RUNPATH_SEARCH_PATHS = (
					"$(inherited)",
					"@executable_path/Frameworks",
				);
				MARKETING_VERSION = 1.0;
				PRODUCT_BUNDLE_IDENTIFIER = "co.damiengautier.SwiftUI-Advanced";
				PRODUCT_NAME = "$(TARGET_NAME)";
				PROVISIONING_PROFILE_SPECIFIER = "";
				SWIFT_EMIT_LOC_STRINGS = YES;
				SWIFT_VERSION = 5.0;
				TARGETED_DEVICE_FAMILY = "1,2";
			};
			name = Release;
		};
/* End XCBuildConfiguration section */

/* Begin XCConfigurationList section */
		A95AD1AB29D19C340031D69D /* Build configuration list for PBXProject "SwiftUI Advanced" */ = {
			isa = XCConfigurationList;
			buildConfigurations = (
				A95AD1C229D19C350031D69D /* Debug */,
				A95AD1C329D19C350031D69D /* Release */,
			);
			defaultConfigurationIsVisible = 0;
			defaultConfigurationName = Release;
		};
		A95AD1C429D19C350031D69D /* Build configuration list for PBXNativeTarget "SwiftUI Advanced" */ = {
			isa = XCConfigurationList;
			buildConfigurations = (
				A95AD1C529D19C350031D69D /* Debug */,
				A95AD1C629D19C350031D69D /* Release */,
			);
			defaultConfigurationIsVisible = 0;
			defaultConfigurationName = Release;
		};
/* End XCConfigurationList section */

/* Begin XCRemoteSwiftPackageReference section */
		A957C3C429D1D40E00C7ABAD /* XCRemoteSwiftPackageReference "firebase-ios-sdk" */ = {
			isa = XCRemoteSwiftPackageReference;
			repositoryURL = "https://github.com/firebase/firebase-ios-sdk.git";
			requirement = {
				kind = upToNextMajorVersion;
				minimumVersion = 9.0.0;
			};
		};
		A99686FB29D33C5800423D6A /* XCRemoteSwiftPackageReference "purchases-ios" */ = {
			isa = XCRemoteSwiftPackageReference;
			repositoryURL = "https://github.com/RevenueCat/purchases-ios";
			requirement = {
				kind = upToNextMajorVersion;
				minimumVersion = 4.0.0;
			};
		};
/* End XCRemoteSwiftPackageReference section */

/* Begin XCSwiftPackageProductDependency section */
		A957C3C529D1D40F00C7ABAD /* FirebaseAuth */ = {
			isa = XCSwiftPackageProductDependency;
			package = A957C3C429D1D40E00C7ABAD /* XCRemoteSwiftPackageReference "firebase-ios-sdk" */;
			productName = FirebaseAuth;
		};
		A99686FC29D33C5800423D6A /* RevenueCat */ = {
			isa = XCSwiftPackageProductDependency;
			package = A99686FB29D33C5800423D6A /* XCRemoteSwiftPackageReference "purchases-ios" */;
			productName = RevenueCat;
		};
/* End XCSwiftPackageProductDependency section */

/* Begin XCVersionGroup section */
		A95AD1BE29D19C350031D69D /* SwiftUI_Advanced.xcdatamodeld */ = {
			isa = XCVersionGroup;
			children = (
				A95AD1BF29D19C350031D69D /* SwiftUI_Advanced.xcdatamodel */,
			);
			currentVersion = A95AD1BF29D19C350031D69D /* SwiftUI_Advanced.xcdatamodel */;
			path = SwiftUI_Advanced.xcdatamodeld;
			sourceTree = "<group>";
			versionGroupType = wrapper.xcdatamodel;
		};
/* End XCVersionGroup section */
	};
	rootObject = A95AD1A829D19C340031D69D /* Project object */;
}
